
Microsoft Visual Studio Solution File, Format Version 12.00
# Visual Studio Version 16
VisualStudioVersion = 16.0.30621.155
MinimumVisualStudioVersion = 10.0.40219.1
Project("{9A19103F-16F7-4668-BE54-9A1E7A4F7556}") = "DAH_FIMS", "Ateqa_FIMS\DAH_FIMS.csproj", "{FEB67ACE-C26F-4ECE-9207-CC57BB98DAB2}"
EndProject
Global
	GlobalSection(SolutionConfigurationPlatforms) = preSolution
		Debug|Any CPU = Debug|Any CPU
		Release|Any CPU = Release|Any CPU
	EndGlobalSection
	GlobalSection(ProjectConfigurationPlatforms) = postSolution
		{FEB67ACE-C26F-4ECE-9207-CC57BB98DAB2}.Debug|Any CPU.ActiveCfg = Debug|Any CPU
		{FEB67ACE-C26F-4ECE-9207-CC57BB98DAB2}.Debug|Any CPU.Build.0 = Debug|Any CPU
		{FEB67ACE-C26F-4ECE-9207-CC57BB98DAB2}.Release|Any CPU.ActiveCfg = Release|Any CPU
		{FEB67ACE-C26F-4ECE-9207-CC57BB98DAB2}.Release|Any CPU.Build.0 = Release|Any CPU
	EndGlobalSection
	GlobalSection(SolutionProperties) = preSolution
		HideSolutionNode = FALSE
	EndGlobalSection
	GlobalSection(ExtensibilityGlobals) = postSolution
		SolutionGuid = {BE6BE26A-6407-41D1-8B9C-F85A08839131}
	EndGlobalSection
EndGlobal
